// !$*UTF8*$!
{
	archiveVersion = 1;
	classes = {
	};
	objectVersion = 48;
	objects = {

/* Begin PBXBuildFile section */
		929D1D101FE7457B001F4D14 /* Alamofire.framework in Frameworks */ = {isa = PBXBuildFile; fileRef = 929D1D0F1FE7457B001F4D14 /* Alamofire.framework */; };
		929D1D121FE74DE6001F4D14 /* NetworkPlugin.swift in Sources */ = {isa = PBXBuildFile; fileRef = 929D1D111FE74DE6001F4D14 /* NetworkPlugin.swift */; };
		B6D894841F9D8ACE00ABF4C0 /* Rainboweleven.h in Headers */ = {isa = PBXBuildFile; fileRef = B6D894821F9D8ACE00ABF4C0 /* Rainboweleven.h */; settings = {ATTRIBUTES = (Public, ); }; };
		B6D8948B1F9D8B0400ABF4C0 /* Rainboweleven.swift in Sources */ = {isa = PBXBuildFile; fileRef = B6D8948A1F9D8B0400ABF4C0 /* Rainboweleven.swift */; };
		B6E92C711F9DABF60044A349 /* RWebView.swift in Sources */ = {isa = PBXBuildFile; fileRef = B6E92C701F9DABF60044A349 /* RWebView.swift */; };
		B6E92C741F9DBF850044A349 /* RUIWebView.swift in Sources */ = {isa = PBXBuildFile; fileRef = B6E92C731F9DBF850044A349 /* RUIWebView.swift */; };
		B6E92C761F9DBFB30044A349 /* RWKWebView.swift in Sources */ = {isa = PBXBuildFile; fileRef = B6E92C751F9DBFB30044A349 /* RWKWebView.swift */; };
		B6E92C7C1F9F11350044A349 /* RWebkitPluginsHub.swift in Sources */ = {isa = PBXBuildFile; fileRef = B6E92C7B1F9F11350044A349 /* RWebkitPluginsHub.swift */; };
/* End PBXBuildFile section */

/* Begin PBXFileReference section */
		929D1D0F1FE7457B001F4D14 /* Alamofire.framework */ = {isa = PBXFileReference; lastKnownFileType = wrapper.framework; name = Alamofire.framework; path = ../Carthage/Build/iOS/Alamofire.framework; sourceTree = "<group>"; };
		929D1D111FE74DE6001F4D14 /* NetworkPlugin.swift */ = {isa = PBXFileReference; lastKnownFileType = sourcecode.swift; path = NetworkPlugin.swift; sourceTree = "<group>"; };
		B6D8947F1F9D8ACE00ABF4C0 /* Rainboweleven.framework */ = {isa = PBXFileReference; explicitFileType = wrapper.framework; includeInIndex = 0; path = Rainboweleven.framework; sourceTree = BUILT_PRODUCTS_DIR; };
		B6D894821F9D8ACE00ABF4C0 /* Rainboweleven.h */ = {isa = PBXFileReference; lastKnownFileType = sourcecode.c.h; path = Rainboweleven.h; sourceTree = "<group>"; };
		B6D894831F9D8ACE00ABF4C0 /* Info.plist */ = {isa = PBXFileReference; lastKnownFileType = text.plist.xml; path = Info.plist; sourceTree = "<group>"; };
		B6D8948A1F9D8B0400ABF4C0 /* Rainboweleven.swift */ = {isa = PBXFileReference; lastKnownFileType = sourcecode.swift; path = Rainboweleven.swift; sourceTree = "<group>"; };
		B6E92C701F9DABF60044A349 /* RWebView.swift */ = {isa = PBXFileReference; lastKnownFileType = sourcecode.swift; path = RWebView.swift; sourceTree = "<group>"; };
		B6E92C731F9DBF850044A349 /* RUIWebView.swift */ = {isa = PBXFileReference; lastKnownFileType = sourcecode.swift; path = RUIWebView.swift; sourceTree = "<group>"; };
		B6E92C751F9DBFB30044A349 /* RWKWebView.swift */ = {isa = PBXFileReference; lastKnownFileType = sourcecode.swift; path = RWKWebView.swift; sourceTree = "<group>"; };
		B6E92C7B1F9F11350044A349 /* RWebkitPluginsHub.swift */ = {isa = PBXFileReference; lastKnownFileType = sourcecode.swift; path = RWebkitPluginsHub.swift; sourceTree = "<group>"; };
/* End PBXFileReference section */

/* Begin PBXFrameworksBuildPhase section */
		B6D8947B1F9D8ACE00ABF4C0 /* Frameworks */ = {
			isa = PBXFrameworksBuildPhase;
			buildActionMask = 2147483647;
			files = (
				929D1D101FE7457B001F4D14 /* Alamofire.framework in Frameworks */,
			);
			runOnlyForDeploymentPostprocessing = 0;
		};
/* End PBXFrameworksBuildPhase section */

/* Begin PBXGroup section */
		929D1D0C1FE7453F001F4D14 /* plugin */ = {
			isa = PBXGroup;
			children = (
				929D1D111FE74DE6001F4D14 /* NetworkPlugin.swift */,
			);
			path = plugin;
			sourceTree = "<group>";
		};
		929D1D0D1FE7454D001F4D14 /* configure */ = {
			isa = PBXGroup;
			children = (
				B6D894821F9D8ACE00ABF4C0 /* Rainboweleven.h */,
				B6D894831F9D8ACE00ABF4C0 /* Info.plist */,
				B6D8948A1F9D8B0400ABF4C0 /* Rainboweleven.swift */,
			);
			path = configure;
			sourceTree = "<group>";
		};
		929D1D0E1FE7457B001F4D14 /* Frameworks */ = {
			isa = PBXGroup;
			children = (
				929D1D0F1FE7457B001F4D14 /* Alamofire.framework */,
			);
			name = Frameworks;
			sourceTree = "<group>";
		};
		B6D894751F9D8ACE00ABF4C0 = {
			isa = PBXGroup;
			children = (
				B6D894811F9D8ACE00ABF4C0 /* Rainboweleven */,
				B6D894801F9D8ACE00ABF4C0 /* Products */,
				929D1D0E1FE7457B001F4D14 /* Frameworks */,
			);
			sourceTree = "<group>";
		};
		B6D894801F9D8ACE00ABF4C0 /* Products */ = {
			isa = PBXGroup;
			children = (
				B6D8947F1F9D8ACE00ABF4C0 /* Rainboweleven.framework */,
			);
			name = Products;
			sourceTree = "<group>";
		};
		B6D894811F9D8ACE00ABF4C0 /* Rainboweleven */ = {
			isa = PBXGroup;
			children = (
				929D1D0D1FE7454D001F4D14 /* configure */,
				929D1D0C1FE7453F001F4D14 /* plugin */,
				B6E92C721F9DAC0D0044A349 /* webkit */,
			);
			path = Rainboweleven;
			sourceTree = "<group>";
		};
		B6E92C721F9DAC0D0044A349 /* webkit */ = {
			isa = PBXGroup;
			children = (
				B6E92C701F9DABF60044A349 /* RWebView.swift */,
				B6E92C731F9DBF850044A349 /* RUIWebView.swift */,
				B6E92C751F9DBFB30044A349 /* RWKWebView.swift */,
				B6E92C7B1F9F11350044A349 /* RWebkitPluginsHub.swift */,
			);
			name = webkit;
			sourceTree = "<group>";
		};
/* End PBXGroup section */

/* Begin PBXHeadersBuildPhase section */
		B6D8947C1F9D8ACE00ABF4C0 /* Headers */ = {
			isa = PBXHeadersBuildPhase;
			buildActionMask = 2147483647;
			files = (
				B6D894841F9D8ACE00ABF4C0 /* Rainboweleven.h in Headers */,
			);
			runOnlyForDeploymentPostprocessing = 0;
		};
/* End PBXHeadersBuildPhase section */

/* Begin PBXNativeTarget section */
		B6D8947E1F9D8ACE00ABF4C0 /* Rainboweleven */ = {
			isa = PBXNativeTarget;
			buildConfigurationList = B6D894871F9D8ACE00ABF4C0 /* Build configuration list for PBXNativeTarget "Rainboweleven" */;
			buildPhases = (
				B6D8947A1F9D8ACE00ABF4C0 /* Sources */,
				B6D8947B1F9D8ACE00ABF4C0 /* Frameworks */,
				B6D8947C1F9D8ACE00ABF4C0 /* Headers */,
				B6D8947D1F9D8ACE00ABF4C0 /* Resources */,
			);
			buildRules = (
			);
			dependencies = (
			);
			name = Rainboweleven;
			productName = Rainboweleven;
			productReference = B6D8947F1F9D8ACE00ABF4C0 /* Rainboweleven.framework */;
			productType = "com.apple.product-type.framework";
		};
/* End PBXNativeTarget section */

/* Begin PBXProject section */
		B6D894761F9D8ACE00ABF4C0 /* Project object */ = {
			isa = PBXProject;
			attributes = {
				LastUpgradeCheck = 0900;
				ORGANIZATIONNAME = chenshaomou;
				TargetAttributes = {
					B6D8947E1F9D8ACE00ABF4C0 = {
						CreatedOnToolsVersion = 9.0.1;
						LastSwiftMigration = 0900;
						ProvisioningStyle = Manual;
					};
				};
			};
			buildConfigurationList = B6D894791F9D8ACE00ABF4C0 /* Build configuration list for PBXProject "Rainboweleven" */;
			compatibilityVersion = "Xcode 8.0";
			developmentRegion = en;
			hasScannedForEncodings = 0;
			knownRegions = (
				en,
			);
			mainGroup = B6D894751F9D8ACE00ABF4C0;
			productRefGroup = B6D894801F9D8ACE00ABF4C0 /* Products */;
			projectDirPath = "";
			projectRoot = "";
			targets = (
				B6D8947E1F9D8ACE00ABF4C0 /* Rainboweleven */,
			);
		};
/* End PBXProject section */

/* Begin PBXResourcesBuildPhase section */
		B6D8947D1F9D8ACE00ABF4C0 /* Resources */ = {
			isa = PBXResourcesBuildPhase;
			buildActionMask = 2147483647;
			files = (
			);
			runOnlyForDeploymentPostprocessing = 0;
		};
/* End PBXResourcesBuildPhase section */

/* Begin PBXSourcesBuildPhase section */
		B6D8947A1F9D8ACE00ABF4C0 /* Sources */ = {
			isa = PBXSourcesBuildPhase;
			buildActionMask = 2147483647;
			files = (
				B6E92C761F9DBFB30044A349 /* RWKWebView.swift in Sources */,
				B6E92C741F9DBF850044A349 /* RUIWebView.swift in Sources */,
				B6E92C711F9DABF60044A349 /* RWebView.swift in Sources */,
				B6E92C7C1F9F11350044A349 /* RWebkitPluginsHub.swift in Sources */,
				B6D8948B1F9D8B0400ABF4C0 /* Rainboweleven.swift in Sources */,
				929D1D121FE74DE6001F4D14 /* NetworkPlugin.swift in Sources */,
			);
			runOnlyForDeploymentPostprocessing = 0;
		};
/* End PBXSourcesBuildPhase section */

/* Begin XCBuildConfiguration section */
		B6D894851F9D8ACE00ABF4C0 /* Debug */ = {
			isa = XCBuildConfiguration;
			buildSettings = {
				ALWAYS_SEARCH_USER_PATHS = NO;
				CLANG_ANALYZER_NONNULL = YES;
				CLANG_ANALYZER_NUMBER_OBJECT_CONVERSION = YES_AGGRESSIVE;
				CLANG_CXX_LANGUAGE_STANDARD = "gnu++14";
				CLANG_CXX_LIBRARY = "libc++";
				CLANG_ENABLE_MODULES = YES;
				CLANG_ENABLE_OBJC_ARC = YES;
				CLANG_WARN_BLOCK_CAPTURE_AUTORELEASING = YES;
				CLANG_WARN_BOOL_CONVERSION = YES;
				CLANG_WARN_COMMA = YES;
				CLANG_WARN_CONSTANT_CONVERSION = YES;
				CLANG_WARN_DIRECT_OBJC_ISA_USAGE = YES_ERROR;
				CLANG_WARN_DOCUMENTATION_COMMENTS = YES;
				CLANG_WARN_EMPTY_BODY = YES;
				CLANG_WARN_ENUM_CONVERSION = YES;
				CLANG_WARN_INFINITE_RECURSION = YES;
				CLANG_WARN_INT_CONVERSION = YES;
				CLANG_WARN_NON_LITERAL_NULL_CONVERSION = YES;
				CLANG_WARN_OBJC_LITERAL_CONVERSION = YES;
				CLANG_WARN_OBJC_ROOT_CLASS = YES_ERROR;
				CLANG_WARN_RANGE_LOOP_ANALYSIS = YES;
				CLANG_WARN_STRICT_PROTOTYPES = YES;
				CLANG_WARN_SUSPICIOUS_MOVE = YES;
				CLANG_WARN_UNGUARDED_AVAILABILITY = YES_AGGRESSIVE;
				CLANG_WARN_UNREACHABLE_CODE = YES;
				CLANG_WARN__DUPLICATE_METHOD_MATCH = YES;
				CODE_SIGN_IDENTITY = "iPhone Developer";
				COPY_PHASE_STRIP = NO;
				CURRENT_PROJECT_VERSION = 1;
				DEBUG_INFORMATION_FORMAT = dwarf;
				ENABLE_STRICT_OBJC_MSGSEND = YES;
				ENABLE_TESTABILITY = YES;
				GCC_C_LANGUAGE_STANDARD = gnu11;
				GCC_DYNAMIC_NO_PIC = NO;
				GCC_NO_COMMON_BLOCKS = YES;
				GCC_OPTIMIZATION_LEVEL = 0;
				GCC_PREPROCESSOR_DEFINITIONS = (
					"DEBUG=1",
					"$(inherited)",
				);
				GCC_WARN_64_TO_32_BIT_CONVERSION = YES;
				GCC_WARN_ABOUT_RETURN_TYPE = YES_ERROR;
				GCC_WARN_UNDECLARED_SELECTOR = YES;
				GCC_WARN_UNINITIALIZED_AUTOS = YES_AGGRESSIVE;
				GCC_WARN_UNUSED_FUNCTION = YES;
				GCC_WARN_UNUSED_VARIABLE = YES;
				IPHONEOS_DEPLOYMENT_TARGET = 9.0;
				MTL_ENABLE_DEBUG_INFO = YES;
				ONLY_ACTIVE_ARCH = YES;
				SDKROOT = iphoneos;
				SWIFT_ACTIVE_COMPILATION_CONDITIONS = DEBUG;
				SWIFT_OPTIMIZATION_LEVEL = "-Onone";
				VERSIONING_SYSTEM = "apple-generic";
				VERSION_INFO_PREFIX = "";
			};
			name = Debug;
		};
		B6D894861F9D8ACE00ABF4C0 /* Release */ = {
			isa = XCBuildConfiguration;
			buildSettings = {
				ALWAYS_SEARCH_USER_PATHS = NO;
				CLANG_ANALYZER_NONNULL = YES;
				CLANG_ANALYZER_NUMBER_OBJECT_CONVERSION = YES_AGGRESSIVE;
				CLANG_CXX_LANGUAGE_STANDARD = "gnu++14";
				CLANG_CXX_LIBRARY = "libc++";
				CLANG_ENABLE_MODULES = YES;
				CLANG_ENABLE_OBJC_ARC = YES;
				CLANG_WARN_BLOCK_CAPTURE_AUTORELEASING = YES;
				CLANG_WARN_BOOL_CONVERSION = YES;
				CLANG_WARN_COMMA = YES;
				CLANG_WARN_CONSTANT_CONVERSION = YES;
				CLANG_WARN_DIRECT_OBJC_ISA_USAGE = YES_ERROR;
				CLANG_WARN_DOCUMENTATION_COMMENTS = YES;
				CLANG_WARN_EMPTY_BODY = YES;
				CLANG_WARN_ENUM_CONVERSION = YES;
				CLANG_WARN_INFINITE_RECURSION = YES;
				CLANG_WARN_INT_CONVERSION = YES;
				CLANG_WARN_NON_LITERAL_NULL_CONVERSION = YES;
				CLANG_WARN_OBJC_LITERAL_CONVERSION = YES;
				CLANG_WARN_OBJC_ROOT_CLASS = YES_ERROR;
				CLANG_WARN_RANGE_LOOP_ANALYSIS = YES;
				CLANG_WARN_STRICT_PROTOTYPES = YES;
				CLANG_WARN_SUSPICIOUS_MOVE = YES;
				CLANG_WARN_UNGUARDED_AVAILABILITY = YES_AGGRESSIVE;
				CLANG_WARN_UNREACHABLE_CODE = YES;
				CLANG_WARN__DUPLICATE_METHOD_MATCH = YES;
				CODE_SIGN_IDENTITY = "iPhone Developer";
				COPY_PHASE_STRIP = NO;
				CURRENT_PROJECT_VERSION = 1;
				DEBUG_INFORMATION_FORMAT = "dwarf-with-dsym";
				ENABLE_NS_ASSERTIONS = NO;
				ENABLE_STRICT_OBJC_MSGSEND = YES;
				GCC_C_LANGUAGE_STANDARD = gnu11;
				GCC_NO_COMMON_BLOCKS = YES;
				GCC_WARN_64_TO_32_BIT_CONVERSION = YES;
				GCC_WARN_ABOUT_RETURN_TYPE = YES_ERROR;
				GCC_WARN_UNDECLARED_SELECTOR = YES;
				GCC_WARN_UNINITIALIZED_AUTOS = YES_AGGRESSIVE;
				GCC_WARN_UNUSED_FUNCTION = YES;
				GCC_WARN_UNUSED_VARIABLE = YES;
				IPHONEOS_DEPLOYMENT_TARGET = 9.0;
				MTL_ENABLE_DEBUG_INFO = NO;
				SDKROOT = iphoneos;
				SWIFT_OPTIMIZATION_LEVEL = "-Owholemodule";
				VALIDATE_PRODUCT = YES;
				VERSIONING_SYSTEM = "apple-generic";
				VERSION_INFO_PREFIX = "";
			};
			name = Release;
		};
		B6D894881F9D8ACE00ABF4C0 /* Debug */ = {
			isa = XCBuildConfiguration;
			buildSettings = {
				CLANG_ENABLE_MODULES = YES;
				CODE_SIGN_IDENTITY = "";
				CODE_SIGN_STYLE = Manual;
				DEFINES_MODULE = YES;
				DEVELOPMENT_TEAM = "";
				DYLIB_COMPATIBILITY_VERSION = 1;
				DYLIB_CURRENT_VERSION = 1;
				DYLIB_INSTALL_NAME_BASE = "@rpath";
				FRAMEWORK_SEARCH_PATHS = "$(SRCROOT)/Carthage/Build/iOS";
				INFOPLIST_FILE = "$(SRCROOT)/Rainboweleven/configure/Info.plist";
				INSTALL_PATH = "$(LOCAL_LIBRARY_DIR)/Frameworks";
				LD_RUNPATH_SEARCH_PATHS = "$(inherited) @executable_path/Frameworks @loader_path/Frameworks";
				PRODUCT_BUNDLE_IDENTIFIER = org.Rainboweleven;
				PRODUCT_NAME = "$(TARGET_NAME:c99extidentifier)";
				PROVISIONING_PROFILE_SPECIFIER = "";
				SKIP_INSTALL = YES;
				SWIFT_OPTIMIZATION_LEVEL = "-Onone";
				SWIFT_VERSION = 4.0;
				TARGETED_DEVICE_FAMILY = "1,2";
			};
			name = Debug;
		};
		B6D894891F9D8ACE00ABF4C0 /* Release */ = {
			isa = XCBuildConfiguration;
			buildSettings = {
				CLANG_ENABLE_MODULES = YES;
				CODE_SIGN_IDENTITY = "";
				CODE_SIGN_STYLE = Manual;
				DEFINES_MODULE = YES;
				DEVELOPMENT_TEAM = "";
				DYLIB_COMPATIBILITY_VERSION = 1;
				DYLIB_CURRENT_VERSION = 1;
				DYLIB_INSTALL_NAME_BASE = "@rpath";
				FRAMEWORK_SEARCH_PATHS = "$(SRCROOT)/Carthage/Build/iOS";
				INFOPLIST_FILE = "$(SRCROOT)/Rainboweleven/configure/Info.plist";
				INSTALL_PATH = "$(LOCAL_LIBRARY_DIR)/Frameworks";
				LD_RUNPATH_SEARCH_PATHS = "$(inherited) @executable_path/Frameworks @loader_path/Frameworks";
				PRODUCT_BUNDLE_IDENTIFIER = org.Rainboweleven;
				PRODUCT_NAME = "$(TARGET_NAME:c99extidentifier)";
				PROVISIONING_PROFILE_SPECIFIER = "";
				SKIP_INSTALL = YES;
				SWIFT_VERSION = 4.0;
				TARGETED_DEVICE_FAMILY = "1,2";
			};
			name = Release;
		};
/* End XCBuildConfiguration section */

/* Begin XCConfigurationList section */
		B6D894791F9D8ACE00ABF4C0 /* Build configuration list for PBXProject "Rainboweleven" */ = {
			isa = XCConfigurationList;
			buildConfigurations = (
				B6D894851F9D8ACE00ABF4C0 /* Debug */,
				B6D894861F9D8ACE00ABF4C0 /* Release */,
			);
			defaultConfigurationIsVisible = 0;
			defaultConfigurationName = Release;
		};
		B6D894871F9D8ACE00ABF4C0 /* Build configuration list for PBXNativeTarget "Rainboweleven" */ = {
			isa = XCConfigurationList;
			buildConfigurations = (
				B6D894881F9D8ACE00ABF4C0 /* Debug */,
				B6D894891F9D8ACE00ABF4C0 /* Release */,
			);
			defaultConfigurationIsVisible = 0;
			defaultConfigurationName = Release;
		};
/* End XCConfigurationList section */
	};
	rootObject = B6D894761F9D8ACE00ABF4C0 /* Project object */;
}
