// !$*UTF8*$!
{
	archiveVersion = 1;
	classes = {
	};
	objectVersion = 48;
	objects = {

/* Begin PBXBuildFile section */
		8F3633752052260200E37ADB /* registerNative.js in Resources */ = {isa = PBXBuildFile; fileRef = 8F3633742052260200E37ADB /* registerNative.js */; };
		8F3633772052528A00E37ADB /* AppInfoModule.swift in Sources */ = {isa = PBXBuildFile; fileRef = 8F3633762052528A00E37ADB /* AppInfoModule.swift */; };
		8F630C852057C6250033C33A /* EventsModule.swift in Sources */ = {isa = PBXBuildFile; fileRef = 8F630C842057C6250033C33A /* EventsModule.swift */; };
		8F630C872058A8970033C33A /* StoreModule.swift in Sources */ = {isa = PBXBuildFile; fileRef = 8F630C862058A8970033C33A /* StoreModule.swift */; };
		8F630C8A205A5ACD0033C33A /* NetworkModule.swift in Sources */ = {isa = PBXBuildFile; fileRef = 8F630C89205A5ACD0033C33A /* NetworkModule.swift */; };
		92794A662063BD290033E469 /* NetworkActivityIndicator.swift in Sources */ = {isa = PBXBuildFile; fileRef = 92794A592063BD290033E469 /* NetworkActivityIndicator.swift */; };
		92794A672063BD290033E469 /* Networking+Private.swift in Sources */ = {isa = PBXBuildFile; fileRef = 92794A5A2063BD290033E469 /* Networking+Private.swift */; };
		92794A682063BD290033E469 /* Networking.swift in Sources */ = {isa = PBXBuildFile; fileRef = 92794A5B2063BD290033E469 /* Networking.swift */; };
		92794A692063BD290033E469 /* Helpers.swift in Sources */ = {isa = PBXBuildFile; fileRef = 92794A5C2063BD290033E469 /* Helpers.swift */; };
		92794A6A2063BD290033E469 /* Result.swift in Sources */ = {isa = PBXBuildFile; fileRef = 92794A5D2063BD290033E469 /* Result.swift */; };
		92794A6B2063BD290033E469 /* Image.swift in Sources */ = {isa = PBXBuildFile; fileRef = 92794A5E2063BD290033E469 /* Image.swift */; };
		92794A6C2063BD290033E469 /* JSON.swift in Sources */ = {isa = PBXBuildFile; fileRef = 92794A5F2063BD290033E469 /* JSON.swift */; };
		92794A6D2063BD290033E469 /* Response.swift in Sources */ = {isa = PBXBuildFile; fileRef = 92794A602063BD290033E469 /* Response.swift */; };
		92794A6E2063BD290033E469 /* TestCheck.swift in Sources */ = {isa = PBXBuildFile; fileRef = 92794A612063BD290033E469 /* TestCheck.swift */; };
		92794A6F2063BD290033E469 /* Networking+HTTPRequests.swift in Sources */ = {isa = PBXBuildFile; fileRef = 92794A622063BD290033E469 /* Networking+HTTPRequests.swift */; };
		92794A702063BD290033E469 /* FakeRequest.swift in Sources */ = {isa = PBXBuildFile; fileRef = 92794A632063BD290033E469 /* FakeRequest.swift */; };
		92794A712063BD290033E469 /* FormDataPart.swift in Sources */ = {isa = PBXBuildFile; fileRef = 92794A642063BD290033E469 /* FormDataPart.swift */; };
		92794A722063BD290033E469 /* Networking.h in Headers */ = {isa = PBXBuildFile; fileRef = 92794A652063BD290033E469 /* Networking.h */; };
		929BE5FF2005ACDD00E2DEA7 /* Collection+JSON.swift in Sources */ = {isa = PBXBuildFile; fileRef = 929BE5FE2005ACDD00E2DEA7 /* Collection+JSON.swift */; };
		92B8242D21919B3200871A83 /* Number+Extension.swift in Sources */ = {isa = PBXBuildFile; fileRef = 92B8242C21919B3200871A83 /* Number+Extension.swift */; };
		92CA5A9C20074F7000D5D05C /* RWebView.swift in Sources */ = {isa = PBXBuildFile; fileRef = 92CA5A9720074F6F00D5D05C /* RWebView.swift */; };
		92CA5A9D20074F7000D5D05C /* RWebView+Constants.swift in Sources */ = {isa = PBXBuildFile; fileRef = 92CA5A9820074F6F00D5D05C /* RWebView+Constants.swift */; };
		92CA5A9E20074F7000D5D05C /* RWKWebView.swift in Sources */ = {isa = PBXBuildFile; fileRef = 92CA5A9920074F6F00D5D05C /* RWKWebView.swift */; };
		92CA5A9F20074F7000D5D05C /* RWebkitPluginsHub.swift in Sources */ = {isa = PBXBuildFile; fileRef = 92CA5A9A20074F6F00D5D05C /* RWebkitPluginsHub.swift */; };
		92CA5AA020074F7000D5D05C /* RUIWebView.swift in Sources */ = {isa = PBXBuildFile; fileRef = 92CA5A9B20074F6F00D5D05C /* RUIWebView.swift */; };
		92CA5AA62007539A00D5D05C /* RWebkitPlugin.swift in Sources */ = {isa = PBXBuildFile; fileRef = 92CA5AA52007539A00D5D05C /* RWebkitPlugin.swift */; };
		B4D8F5CB21465169008CF2C0 /* Downloader.swift in Sources */ = {isa = PBXBuildFile; fileRef = B4D8F5CA21465169008CF2C0 /* Downloader.swift */; };
		B4D8F5CD2148A73E008CF2C0 /* DocumentModule.swift in Sources */ = {isa = PBXBuildFile; fileRef = B4D8F5CC2148A73E008CF2C0 /* DocumentModule.swift */; };
		B4D8F5CF2148BA20008CF2C0 /* DocumentHandler.swify.swift in Sources */ = {isa = PBXBuildFile; fileRef = B4D8F5CE2148BA20008CF2C0 /* DocumentHandler.swify.swift */; };
		B6D894841F9D8ACE00ABF4C0 /* Rainboweleven.h in Headers */ = {isa = PBXBuildFile; fileRef = B6D894821F9D8ACE00ABF4C0 /* Rainboweleven.h */; settings = {ATTRIBUTES = (Public, ); }; };
		B6D8948B1F9D8B0400ABF4C0 /* Rainboweleven.swift in Sources */ = {isa = PBXBuildFile; fileRef = B6D8948A1F9D8B0400ABF4C0 /* Rainboweleven.swift */; };
/* End PBXBuildFile section */

/* Begin PBXFileReference section */
		8F3633742052260200E37ADB /* registerNative.js */ = {isa = PBXFileReference; lastKnownFileType = sourcecode.javascript; path = registerNative.js; sourceTree = "<group>"; };
		8F3633762052528A00E37ADB /* AppInfoModule.swift */ = {isa = PBXFileReference; lastKnownFileType = sourcecode.swift; path = AppInfoModule.swift; sourceTree = "<group>"; };
		8F630C842057C6250033C33A /* EventsModule.swift */ = {isa = PBXFileReference; lastKnownFileType = sourcecode.swift; path = EventsModule.swift; sourceTree = "<group>"; };
		8F630C862058A8970033C33A /* StoreModule.swift */ = {isa = PBXFileReference; lastKnownFileType = sourcecode.swift; path = StoreModule.swift; sourceTree = "<group>"; };
		8F630C89205A5ACD0033C33A /* NetworkModule.swift */ = {isa = PBXFileReference; lastKnownFileType = sourcecode.swift; path = NetworkModule.swift; sourceTree = "<group>"; };
		921813782063B05100922F69 /* Alamofire.framework */ = {isa = PBXFileReference; lastKnownFileType = wrapper.framework; name = Alamofire.framework; path = "../iOS-Example/Carthage/Build/iOS/Alamofire.framework"; sourceTree = "<group>"; };
		92794A592063BD290033E469 /* NetworkActivityIndicator.swift */ = {isa = PBXFileReference; fileEncoding = 4; lastKnownFileType = sourcecode.swift; path = NetworkActivityIndicator.swift; sourceTree = "<group>"; };
		92794A5A2063BD290033E469 /* Networking+Private.swift */ = {isa = PBXFileReference; fileEncoding = 4; lastKnownFileType = sourcecode.swift; path = "Networking+Private.swift"; sourceTree = "<group>"; };
		92794A5B2063BD290033E469 /* Networking.swift */ = {isa = PBXFileReference; fileEncoding = 4; lastKnownFileType = sourcecode.swift; path = Networking.swift; sourceTree = "<group>"; };
		92794A5C2063BD290033E469 /* Helpers.swift */ = {isa = PBXFileReference; fileEncoding = 4; lastKnownFileType = sourcecode.swift; path = Helpers.swift; sourceTree = "<group>"; };
		92794A5D2063BD290033E469 /* Result.swift */ = {isa = PBXFileReference; fileEncoding = 4; lastKnownFileType = sourcecode.swift; path = Result.swift; sourceTree = "<group>"; };
		92794A5E2063BD290033E469 /* Image.swift */ = {isa = PBXFileReference; fileEncoding = 4; lastKnownFileType = sourcecode.swift; path = Image.swift; sourceTree = "<group>"; };
		92794A5F2063BD290033E469 /* JSON.swift */ = {isa = PBXFileReference; fileEncoding = 4; lastKnownFileType = sourcecode.swift; path = JSON.swift; sourceTree = "<group>"; };
		92794A602063BD290033E469 /* Response.swift */ = {isa = PBXFileReference; fileEncoding = 4; lastKnownFileType = sourcecode.swift; path = Response.swift; sourceTree = "<group>"; };
		92794A612063BD290033E469 /* TestCheck.swift */ = {isa = PBXFileReference; fileEncoding = 4; lastKnownFileType = sourcecode.swift; path = TestCheck.swift; sourceTree = "<group>"; };
		92794A622063BD290033E469 /* Networking+HTTPRequests.swift */ = {isa = PBXFileReference; fileEncoding = 4; lastKnownFileType = sourcecode.swift; path = "Networking+HTTPRequests.swift"; sourceTree = "<group>"; };
		92794A632063BD290033E469 /* FakeRequest.swift */ = {isa = PBXFileReference; fileEncoding = 4; lastKnownFileType = sourcecode.swift; path = FakeRequest.swift; sourceTree = "<group>"; };
		92794A642063BD290033E469 /* FormDataPart.swift */ = {isa = PBXFileReference; fileEncoding = 4; lastKnownFileType = sourcecode.swift; path = FormDataPart.swift; sourceTree = "<group>"; };
		92794A652063BD290033E469 /* Networking.h */ = {isa = PBXFileReference; fileEncoding = 4; lastKnownFileType = sourcecode.c.h; path = Networking.h; sourceTree = "<group>"; };
		929BE5FE2005ACDD00E2DEA7 /* Collection+JSON.swift */ = {isa = PBXFileReference; lastKnownFileType = sourcecode.swift; path = "Collection+JSON.swift"; sourceTree = "<group>"; };
		929D1D0F1FE7457B001F4D14 /* Alamofire.framework */ = {isa = PBXFileReference; lastKnownFileType = wrapper.framework; name = Alamofire.framework; path = ../Carthage/Build/iOS/Alamofire.framework; sourceTree = "<group>"; };
		92B8242C21919B3200871A83 /* Number+Extension.swift */ = {isa = PBXFileReference; lastKnownFileType = sourcecode.swift; path = "Number+Extension.swift"; sourceTree = "<group>"; };
		92CA5A9720074F6F00D5D05C /* RWebView.swift */ = {isa = PBXFileReference; fileEncoding = 4; lastKnownFileType = sourcecode.swift; path = RWebView.swift; sourceTree = "<group>"; };
		92CA5A9820074F6F00D5D05C /* RWebView+Constants.swift */ = {isa = PBXFileReference; fileEncoding = 4; lastKnownFileType = sourcecode.swift; path = "RWebView+Constants.swift"; sourceTree = "<group>"; };
		92CA5A9920074F6F00D5D05C /* RWKWebView.swift */ = {isa = PBXFileReference; fileEncoding = 4; lastKnownFileType = sourcecode.swift; path = RWKWebView.swift; sourceTree = "<group>"; };
		92CA5A9A20074F6F00D5D05C /* RWebkitPluginsHub.swift */ = {isa = PBXFileReference; fileEncoding = 4; lastKnownFileType = sourcecode.swift; path = RWebkitPluginsHub.swift; sourceTree = "<group>"; };
		92CA5A9B20074F6F00D5D05C /* RUIWebView.swift */ = {isa = PBXFileReference; fileEncoding = 4; lastKnownFileType = sourcecode.swift; path = RUIWebView.swift; sourceTree = "<group>"; };
		92CA5AA220074F7A00D5D05C /* rJsBridge.js */ = {isa = PBXFileReference; lastKnownFileType = sourcecode.javascript; path = rJsBridge.js; sourceTree = "<group>"; };
		92CA5AA52007539A00D5D05C /* RWebkitPlugin.swift */ = {isa = PBXFileReference; lastKnownFileType = sourcecode.swift; path = RWebkitPlugin.swift; sourceTree = "<group>"; };
		B4D8F5CA21465169008CF2C0 /* Downloader.swift */ = {isa = PBXFileReference; lastKnownFileType = sourcecode.swift; path = Downloader.swift; sourceTree = "<group>"; };
		B4D8F5CC2148A73E008CF2C0 /* DocumentModule.swift */ = {isa = PBXFileReference; lastKnownFileType = sourcecode.swift; path = DocumentModule.swift; sourceTree = "<group>"; };
		B4D8F5CE2148BA20008CF2C0 /* DocumentHandler.swify.swift */ = {isa = PBXFileReference; lastKnownFileType = sourcecode.swift; path = DocumentHandler.swify.swift; sourceTree = "<group>"; };
		B6D8947F1F9D8ACE00ABF4C0 /* Rainboweleven.framework */ = {isa = PBXFileReference; explicitFileType = wrapper.framework; includeInIndex = 0; path = Rainboweleven.framework; sourceTree = BUILT_PRODUCTS_DIR; };
		B6D894821F9D8ACE00ABF4C0 /* Rainboweleven.h */ = {isa = PBXFileReference; lastKnownFileType = sourcecode.c.h; path = Rainboweleven.h; sourceTree = "<group>"; };
		B6D894831F9D8ACE00ABF4C0 /* Info.plist */ = {isa = PBXFileReference; lastKnownFileType = text.plist.xml; path = Info.plist; sourceTree = "<group>"; };
		B6D8948A1F9D8B0400ABF4C0 /* Rainboweleven.swift */ = {isa = PBXFileReference; lastKnownFileType = sourcecode.swift; path = Rainboweleven.swift; sourceTree = "<group>"; };
/* End PBXFileReference section */

/* Begin PBXFrameworksBuildPhase section */
		B6D8947B1F9D8ACE00ABF4C0 /* Frameworks */ = {
			isa = PBXFrameworksBuildPhase;
			buildActionMask = 2147483647;
			files = (
			);
			runOnlyForDeploymentPostprocessing = 0;
		};
/* End PBXFrameworksBuildPhase section */

/* Begin PBXGroup section */
		92794A582063BD290033E469 /* network */ = {
			isa = PBXGroup;
			children = (
				92794A592063BD290033E469 /* NetworkActivityIndicator.swift */,
				B4D8F5CA21465169008CF2C0 /* Downloader.swift */,
				92794A5A2063BD290033E469 /* Networking+Private.swift */,
				92794A5B2063BD290033E469 /* Networking.swift */,
				92794A5C2063BD290033E469 /* Helpers.swift */,
				92794A5D2063BD290033E469 /* Result.swift */,
				92794A5E2063BD290033E469 /* Image.swift */,
				92794A5F2063BD290033E469 /* JSON.swift */,
				92794A602063BD290033E469 /* Response.swift */,
				92794A612063BD290033E469 /* TestCheck.swift */,
				92794A622063BD290033E469 /* Networking+HTTPRequests.swift */,
				92794A632063BD290033E469 /* FakeRequest.swift */,
				92794A642063BD290033E469 /* FormDataPart.swift */,
				92794A652063BD290033E469 /* Networking.h */,
				B4D8F5CE2148BA20008CF2C0 /* DocumentHandler.swify.swift */,
			);
			path = network;
			sourceTree = "<group>";
		};
		929BE5FD2005ACC600E2DEA7 /* utils */ = {
			isa = PBXGroup;
			children = (
				92794A582063BD290033E469 /* network */,
				929BE5FE2005ACDD00E2DEA7 /* Collection+JSON.swift */,
				92B8242C21919B3200871A83 /* Number+Extension.swift */,
			);
			path = utils;
			sourceTree = "<group>";
		};
		929D1D0C1FE7453F001F4D14 /* plugin */ = {
			isa = PBXGroup;
			children = (
				8F630C862058A8970033C33A /* StoreModule.swift */,
				8F3633762052528A00E37ADB /* AppInfoModule.swift */,
				8F630C842057C6250033C33A /* EventsModule.swift */,
				8F630C89205A5ACD0033C33A /* NetworkModule.swift */,
				B4D8F5CC2148A73E008CF2C0 /* DocumentModule.swift */,
			);
			path = plugin;
			sourceTree = "<group>";
		};
		929D1D0D1FE7454D001F4D14 /* configure */ = {
			isa = PBXGroup;
			children = (
				B6D894821F9D8ACE00ABF4C0 /* Rainboweleven.h */,
				B6D894831F9D8ACE00ABF4C0 /* Info.plist */,
				B6D8948A1F9D8B0400ABF4C0 /* Rainboweleven.swift */,
			);
			path = configure;
			sourceTree = "<group>";
		};
		929D1D0E1FE7457B001F4D14 /* Frameworks */ = {
			isa = PBXGroup;
			children = (
				921813782063B05100922F69 /* Alamofire.framework */,
				929D1D0F1FE7457B001F4D14 /* Alamofire.framework */,
			);
			name = Frameworks;
			sourceTree = "<group>";
		};
		92CA5A9620074F6F00D5D05C /* webkit */ = {
			isa = PBXGroup;
			children = (
				92CA5AA420074FAD00D5D05C /* pluginHub */,
				92CA5AA320074F8F00D5D05C /* webview */,
				92CA5A9820074F6F00D5D05C /* RWebView+Constants.swift */,
			);
			path = webkit;
			sourceTree = "<group>";
		};
		92CA5AA120074F7A00D5D05C /* refrences */ = {
			isa = PBXGroup;
			children = (
				92CA5AA220074F7A00D5D05C /* rJsBridge.js */,
				8F3633742052260200E37ADB /* registerNative.js */,
			);
			path = refrences;
			sourceTree = "<group>";
		};
		92CA5AA320074F8F00D5D05C /* webview */ = {
			isa = PBXGroup;
			children = (
				92CA5A9B20074F6F00D5D05C /* RUIWebView.swift */,
				92CA5A9920074F6F00D5D05C /* RWKWebView.swift */,
				92CA5A9720074F6F00D5D05C /* RWebView.swift */,
			);
			path = webview;
			sourceTree = "<group>";
		};
		92CA5AA420074FAD00D5D05C /* pluginHub */ = {
			isa = PBXGroup;
			children = (
				92CA5A9A20074F6F00D5D05C /* RWebkitPluginsHub.swift */,
				92CA5AA52007539A00D5D05C /* RWebkitPlugin.swift */,
			);
			path = pluginHub;
			sourceTree = "<group>";
		};
		B6D894751F9D8ACE00ABF4C0 = {
			isa = PBXGroup;
			children = (
				B6D894811F9D8ACE00ABF4C0 /* Rainboweleven */,
				B6D894801F9D8ACE00ABF4C0 /* Products */,
				929D1D0E1FE7457B001F4D14 /* Frameworks */,
			);
			sourceTree = "<group>";
		};
		B6D894801F9D8ACE00ABF4C0 /* Products */ = {
			isa = PBXGroup;
			children = (
				B6D8947F1F9D8ACE00ABF4C0 /* Rainboweleven.framework */,
			);
			name = Products;
			sourceTree = "<group>";
		};
		B6D894811F9D8ACE00ABF4C0 /* Rainboweleven */ = {
			isa = PBXGroup;
			children = (
				929D1D0D1FE7454D001F4D14 /* configure */,
				929BE5FD2005ACC600E2DEA7 /* utils */,
				92CA5A9620074F6F00D5D05C /* webkit */,
				929D1D0C1FE7453F001F4D14 /* plugin */,
				92CA5AA120074F7A00D5D05C /* refrences */,
			);
			path = Rainboweleven;
			sourceTree = "<group>";
		};
/* End PBXGroup section */

/* Begin PBXHeadersBuildPhase section */
		B6D8947C1F9D8ACE00ABF4C0 /* Headers */ = {
			isa = PBXHeadersBuildPhase;
			buildActionMask = 2147483647;
			files = (
				92794A722063BD290033E469 /* Networking.h in Headers */,
				B6D894841F9D8ACE00ABF4C0 /* Rainboweleven.h in Headers */,
			);
			runOnlyForDeploymentPostprocessing = 0;
		};
/* End PBXHeadersBuildPhase section */

/* Begin PBXNativeTarget section */
		B6D8947E1F9D8ACE00ABF4C0 /* Rainboweleven */ = {
			isa = PBXNativeTarget;
			buildConfigurationList = B6D894871F9D8ACE00ABF4C0 /* Build configuration list for PBXNativeTarget "Rainboweleven" */;
			buildPhases = (
				B6D8947A1F9D8ACE00ABF4C0 /* Sources */,
				B6D8947B1F9D8ACE00ABF4C0 /* Frameworks */,
				B6D8947C1F9D8ACE00ABF4C0 /* Headers */,
				B6D8947D1F9D8ACE00ABF4C0 /* Resources */,
			);
			buildRules = (
			);
			dependencies = (
			);
			name = Rainboweleven;
			productName = Rainboweleven;
			productReference = B6D8947F1F9D8ACE00ABF4C0 /* Rainboweleven.framework */;
			productType = "com.apple.product-type.framework";
		};
/* End PBXNativeTarget section */

/* Begin PBXProject section */
		B6D894761F9D8ACE00ABF4C0 /* Project object */ = {
			isa = PBXProject;
			attributes = {
				LastUpgradeCheck = 0900;
				ORGANIZATIONNAME = chenshaomou;
				TargetAttributes = {
					B6D8947E1F9D8ACE00ABF4C0 = {
						CreatedOnToolsVersion = 9.0.1;
						LastSwiftMigration = 0900;
						ProvisioningStyle = Manual;
					};
				};
			};
			buildConfigurationList = B6D894791F9D8ACE00ABF4C0 /* Build configuration list for PBXProject "Rainboweleven" */;
			compatibilityVersion = "Xcode 8.0";
			developmentRegion = en;
			hasScannedForEncodings = 0;
			knownRegions = (
				en,
			);
			mainGroup = B6D894751F9D8ACE00ABF4C0;
			productRefGroup = B6D894801F9D8ACE00ABF4C0 /* Products */;
			projectDirPath = "";
			projectRoot = "";
			targets = (
				B6D8947E1F9D8ACE00ABF4C0 /* Rainboweleven */,
			);
		};
/* End PBXProject section */

/* Begin PBXResourcesBuildPhase section */
		B6D8947D1F9D8ACE00ABF4C0 /* Resources */ = {
			isa = PBXResourcesBuildPhase;
			buildActionMask = 2147483647;
			files = (
				8F3633752052260200E37ADB /* registerNative.js in Resources */,
			);
			runOnlyForDeploymentPostprocessing = 0;
		};
/* End PBXResourcesBuildPhase section */

/* Begin PBXSourcesBuildPhase section */
		B6D8947A1F9D8ACE00ABF4C0 /* Sources */ = {
			isa = PBXSourcesBuildPhase;
			buildActionMask = 2147483647;
			files = (
				B4D8F5CB21465169008CF2C0 /* Downloader.swift in Sources */,
				92794A662063BD290033E469 /* NetworkActivityIndicator.swift in Sources */,
				92794A6B2063BD290033E469 /* Image.swift in Sources */,
				92CA5A9E20074F7000D5D05C /* RWKWebView.swift in Sources */,
				92CA5A9C20074F7000D5D05C /* RWebView.swift in Sources */,
				92794A6D2063BD290033E469 /* Response.swift in Sources */,
				92B8242D21919B3200871A83 /* Number+Extension.swift in Sources */,
				8F630C8A205A5ACD0033C33A /* NetworkModule.swift in Sources */,
				B4D8F5CF2148BA20008CF2C0 /* DocumentHandler.swify.swift in Sources */,
				92794A702063BD290033E469 /* FakeRequest.swift in Sources */,
				92CA5A9D20074F7000D5D05C /* RWebView+Constants.swift in Sources */,
				92794A6F2063BD290033E469 /* Networking+HTTPRequests.swift in Sources */,
				B4D8F5CD2148A73E008CF2C0 /* DocumentModule.swift in Sources */,
				92794A672063BD290033E469 /* Networking+Private.swift in Sources */,
				92794A682063BD290033E469 /* Networking.swift in Sources */,
				92794A6E2063BD290033E469 /* TestCheck.swift in Sources */,
				92794A6C2063BD290033E469 /* JSON.swift in Sources */,
				8F3633772052528A00E37ADB /* AppInfoModule.swift in Sources */,
				8F630C872058A8970033C33A /* StoreModule.swift in Sources */,
				929BE5FF2005ACDD00E2DEA7 /* Collection+JSON.swift in Sources */,
				92CA5AA020074F7000D5D05C /* RUIWebView.swift in Sources */,
				92794A692063BD290033E469 /* Helpers.swift in Sources */,
				92794A712063BD290033E469 /* FormDataPart.swift in Sources */,
				8F630C852057C6250033C33A /* EventsModule.swift in Sources */,
				92CA5AA62007539A00D5D05C /* RWebkitPlugin.swift in Sources */,
				92794A6A2063BD290033E469 /* Result.swift in Sources */,
				B6D8948B1F9D8B0400ABF4C0 /* Rainboweleven.swift in Sources */,
				92CA5A9F20074F7000D5D05C /* RWebkitPluginsHub.swift in Sources */,
			);
			runOnlyForDeploymentPostprocessing = 0;
		};
/* End PBXSourcesBuildPhase section */

/* Begin XCBuildConfiguration section */
		B6D894851F9D8ACE00ABF4C0 /* Debug */ = {
			isa = XCBuildConfiguration;
			buildSettings = {
				ALWAYS_SEARCH_USER_PATHS = NO;
				CLANG_ANALYZER_NONNULL = YES;
				CLANG_ANALYZER_NUMBER_OBJECT_CONVERSION = YES_AGGRESSIVE;
				CLANG_CXX_LANGUAGE_STANDARD = "gnu++14";
				CLANG_CXX_LIBRARY = "libc++";
				CLANG_ENABLE_MODULES = YES;
				CLANG_ENABLE_OBJC_ARC = YES;
				CLANG_WARN_BLOCK_CAPTURE_AUTORELEASING = YES;
				CLANG_WARN_BOOL_CONVERSION = YES;
				CLANG_WARN_COMMA = YES;
				CLANG_WARN_CONSTANT_CONVERSION = YES;
				CLANG_WARN_DIRECT_OBJC_ISA_USAGE = YES_ERROR;
				CLANG_WARN_DOCUMENTATION_COMMENTS = YES;
				CLANG_WARN_EMPTY_BODY = YES;
				CLANG_WARN_ENUM_CONVERSION = YES;
				CLANG_WARN_INFINITE_RECURSION = YES;
				CLANG_WARN_INT_CONVERSION = YES;
				CLANG_WARN_NON_LITERAL_NULL_CONVERSION = YES;
				CLANG_WARN_OBJC_LITERAL_CONVERSION = YES;
				CLANG_WARN_OBJC_ROOT_CLASS = YES_ERROR;
				CLANG_WARN_RANGE_LOOP_ANALYSIS = YES;
				CLANG_WARN_STRICT_PROTOTYPES = YES;
				CLANG_WARN_SUSPICIOUS_MOVE = YES;
				CLANG_WARN_UNGUARDED_AVAILABILITY = YES_AGGRESSIVE;
				CLANG_WARN_UNREACHABLE_CODE = YES;
				CLANG_WARN__DUPLICATE_METHOD_MATCH = YES;
				CODE_SIGN_IDENTITY = "iPhone Developer";
				COPY_PHASE_STRIP = NO;
				CURRENT_PROJECT_VERSION = 1;
				DEBUG_INFORMATION_FORMAT = dwarf;
				ENABLE_STRICT_OBJC_MSGSEND = YES;
				ENABLE_TESTABILITY = YES;
				GCC_C_LANGUAGE_STANDARD = gnu11;
				GCC_DYNAMIC_NO_PIC = NO;
				GCC_NO_COMMON_BLOCKS = YES;
				GCC_OPTIMIZATION_LEVEL = 0;
				GCC_PREPROCESSOR_DEFINITIONS = (
					"DEBUG=1",
					"$(inherited)",
				);
				GCC_WARN_64_TO_32_BIT_CONVERSION = YES;
				GCC_WARN_ABOUT_RETURN_TYPE = YES_ERROR;
				GCC_WARN_UNDECLARED_SELECTOR = YES;
				GCC_WARN_UNINITIALIZED_AUTOS = YES_AGGRESSIVE;
				GCC_WARN_UNUSED_FUNCTION = YES;
				GCC_WARN_UNUSED_VARIABLE = YES;
				IPHONEOS_DEPLOYMENT_TARGET = 9.0;
				MTL_ENABLE_DEBUG_INFO = YES;
				ONLY_ACTIVE_ARCH = YES;
				SDKROOT = iphoneos;
				SWIFT_ACTIVE_COMPILATION_CONDITIONS = DEBUG;
				SWIFT_OPTIMIZATION_LEVEL = "-Onone";
				VERSIONING_SYSTEM = "apple-generic";
				VERSION_INFO_PREFIX = "";
			};
			name = Debug;
		};
		B6D894861F9D8ACE00ABF4C0 /* Release */ = {
			isa = XCBuildConfiguration;
			buildSettings = {
				ALWAYS_SEARCH_USER_PATHS = NO;
				CLANG_ANALYZER_NONNULL = YES;
				CLANG_ANALYZER_NUMBER_OBJECT_CONVERSION = YES_AGGRESSIVE;
				CLANG_CXX_LANGUAGE_STANDARD = "gnu++14";
				CLANG_CXX_LIBRARY = "libc++";
				CLANG_ENABLE_MODULES = YES;
				CLANG_ENABLE_OBJC_ARC = YES;
				CLANG_WARN_BLOCK_CAPTURE_AUTORELEASING = YES;
				CLANG_WARN_BOOL_CONVERSION = YES;
				CLANG_WARN_COMMA = YES;
				CLANG_WARN_CONSTANT_CONVERSION = YES;
				CLANG_WARN_DIRECT_OBJC_ISA_USAGE = YES_ERROR;
				CLANG_WARN_DOCUMENTATION_COMMENTS = YES;
				CLANG_WARN_EMPTY_BODY = YES;
				CLANG_WARN_ENUM_CONVERSION = YES;
				CLANG_WARN_INFINITE_RECURSION = YES;
				CLANG_WARN_INT_CONVERSION = YES;
				CLANG_WARN_NON_LITERAL_NULL_CONVERSION = YES;
				CLANG_WARN_OBJC_LITERAL_CONVERSION = YES;
				CLANG_WARN_OBJC_ROOT_CLASS = YES_ERROR;
				CLANG_WARN_RANGE_LOOP_ANALYSIS = YES;
				CLANG_WARN_STRICT_PROTOTYPES = YES;
				CLANG_WARN_SUSPICIOUS_MOVE = YES;
				CLANG_WARN_UNGUARDED_AVAILABILITY = YES_AGGRESSIVE;
				CLANG_WARN_UNREACHABLE_CODE = YES;
				CLANG_WARN__DUPLICATE_METHOD_MATCH = YES;
				CODE_SIGN_IDENTITY = "iPhone Developer";
				COPY_PHASE_STRIP = NO;
				CURRENT_PROJECT_VERSION = 1;
				DEBUG_INFORMATION_FORMAT = "dwarf-with-dsym";
				ENABLE_NS_ASSERTIONS = NO;
				ENABLE_STRICT_OBJC_MSGSEND = YES;
				GCC_C_LANGUAGE_STANDARD = gnu11;
				GCC_NO_COMMON_BLOCKS = YES;
				GCC_WARN_64_TO_32_BIT_CONVERSION = YES;
				GCC_WARN_ABOUT_RETURN_TYPE = YES_ERROR;
				GCC_WARN_UNDECLARED_SELECTOR = YES;
				GCC_WARN_UNINITIALIZED_AUTOS = YES_AGGRESSIVE;
				GCC_WARN_UNUSED_FUNCTION = YES;
				GCC_WARN_UNUSED_VARIABLE = YES;
				IPHONEOS_DEPLOYMENT_TARGET = 9.0;
				MTL_ENABLE_DEBUG_INFO = NO;
				SDKROOT = iphoneos;
				SWIFT_OPTIMIZATION_LEVEL = "-Owholemodule";
				VALIDATE_PRODUCT = YES;
				VERSIONING_SYSTEM = "apple-generic";
				VERSION_INFO_PREFIX = "";
			};
			name = Release;
		};
		B6D894881F9D8ACE00ABF4C0 /* Debug */ = {
			isa = XCBuildConfiguration;
			buildSettings = {
				CLANG_ENABLE_MODULES = YES;
				CODE_SIGN_IDENTITY = "";
				CODE_SIGN_STYLE = Manual;
				DEFINES_MODULE = YES;
				DEVELOPMENT_TEAM = "";
				DYLIB_COMPATIBILITY_VERSION = 1;
				DYLIB_CURRENT_VERSION = 1;
				DYLIB_INSTALL_NAME_BASE = "@rpath";
				FRAMEWORK_SEARCH_PATHS = "$(SRCROOT)/Carthage/Build/iOS";
				INFOPLIST_FILE = "$(SRCROOT)/Rainboweleven/configure/Info.plist";
				INSTALL_PATH = "$(LOCAL_LIBRARY_DIR)/Frameworks";
				LD_RUNPATH_SEARCH_PATHS = "$(inherited) @executable_path/Frameworks @loader_path/Frameworks";
				PRODUCT_BUNDLE_IDENTIFIER = org.Rainboweleven;
				PRODUCT_NAME = "$(TARGET_NAME:c99extidentifier)";
				PROVISIONING_PROFILE_SPECIFIER = "";
				SKIP_INSTALL = YES;
				SWIFT_OPTIMIZATION_LEVEL = "-Onone";
				SWIFT_VERSION = 4.0;
				TARGETED_DEVICE_FAMILY = "1,2";
			};
			name = Debug;
		};
		B6D894891F9D8ACE00ABF4C0 /* Release */ = {
			isa = XCBuildConfiguration;
			buildSettings = {
				CLANG_ENABLE_MODULES = YES;
				CODE_SIGN_IDENTITY = "";
				CODE_SIGN_STYLE = Manual;
				DEFINES_MODULE = YES;
				DEVELOPMENT_TEAM = "";
				DYLIB_COMPATIBILITY_VERSION = 1;
				DYLIB_CURRENT_VERSION = 1;
				DYLIB_INSTALL_NAME_BASE = "@rpath";
				FRAMEWORK_SEARCH_PATHS = "$(SRCROOT)/Carthage/Build/iOS";
				INFOPLIST_FILE = "$(SRCROOT)/Rainboweleven/configure/Info.plist";
				INSTALL_PATH = "$(LOCAL_LIBRARY_DIR)/Frameworks";
				LD_RUNPATH_SEARCH_PATHS = "$(inherited) @executable_path/Frameworks @loader_path/Frameworks";
				PRODUCT_BUNDLE_IDENTIFIER = org.Rainboweleven;
				PRODUCT_NAME = "$(TARGET_NAME:c99extidentifier)";
				PROVISIONING_PROFILE_SPECIFIER = "";
				SKIP_INSTALL = YES;
				SWIFT_VERSION = 4.0;
				TARGETED_DEVICE_FAMILY = "1,2";
			};
			name = Release;
		};
/* End XCBuildConfiguration section */

/* Begin XCConfigurationList section */
		B6D894791F9D8ACE00ABF4C0 /* Build configuration list for PBXProject "Rainboweleven" */ = {
			isa = XCConfigurationList;
			buildConfigurations = (
				B6D894851F9D8ACE00ABF4C0 /* Debug */,
				B6D894861F9D8ACE00ABF4C0 /* Release */,
			);
			defaultConfigurationIsVisible = 0;
			defaultConfigurationName = Release;
		};
		B6D894871F9D8ACE00ABF4C0 /* Build configuration list for PBXNativeTarget "Rainboweleven" */ = {
			isa = XCConfigurationList;
			buildConfigurations = (
				B6D894881F9D8ACE00ABF4C0 /* Debug */,
				B6D894891F9D8ACE00ABF4C0 /* Release */,
			);
			defaultConfigurationIsVisible = 0;
			defaultConfigurationName = Release;
		};
/* End XCConfigurationList section */
	};
	rootObject = B6D894761F9D8ACE00ABF4C0 /* Project object */;
}
